
Microsoft Visual Studio Solution File, Format Version 12.00
# Visual Studio Version 17
VisualStudioVersion = 17.2.32519.379
MinimumVisualStudioVersion = 10.0.40219.1
Project("{9A19103F-16F7-4668-BE54-9A1E7A4F7556}") = "jsdal-server-core", "jsdal-server-core.csproj", "{7C558D98-E7AF-4432-8F72-6CB96A795DDC}"
EndProject
Global
	GlobalSection(SolutionConfigurationPlatforms) = preSolution
		Debug|Any CPU = Debug|Any CPU
		Release|Any CPU = Release|Any CPU
	EndGlobalSection
	GlobalSection(ProjectConfigurationPlatforms) = postSolution
		{7C558D98-E7AF-4432-8F72-6CB96A795DDC}.Debug|Any CPU.ActiveCfg = Debug|Any CPU
		{7C558D98-E7AF-4432-8F72-6CB96A795DDC}.Debug|Any CPU.Build.0 = Debug|Any CPU
		{7C558D98-E7AF-4432-8F72-6CB96A795DDC}.Release|Any CPU.ActiveCfg = Release|Any CPU
		{7C558D98-E7AF-4432-8F72-6CB96A795DDC}.Release|Any CPU.Build.0 = Release|Any CPU
	EndGlobalSection
	GlobalSection(SolutionProperties) = preSolution
		HideSolutionNode = FALSE
	EndGlobalSection
	GlobalSection(ExtensibilityGlobals) = postSolution
		SolutionGuid = {DB15A794-8C39-4B8C-A3D4-BA4BA2813536}
	EndGlobalSection
EndGlobal
